{
  "requires": true,
  "lockfileVersion": 1,
  "dependencies": {
    "@types/node": {
      "version": "13.11.0",
      "resolved": "https://registry.npmjs.org/@types/node/-/node-13.11.0.tgz",
      "integrity": "sha512-uM4mnmsIIPK/yeO+42F2RQhGUIs39K2RFmugcJANppXe6J1nvH87PvzPZYpza7Xhhs8Yn9yIAVdLZ84z61+0xQ=="
    },
    "django": {
      "version": "1.0.0",
      "resolved": "https://registry.npmjs.org/django/-/django-1.0.0.tgz",
      "integrity": "sha512-PWiLJnnmf+Mghtm1J/YCZMQLM+N8rrz+bBgchOGM9ldJx9IlXM0D8h4u0vfCM85XafEbWAE8JyFbESykgiBhEw=="
    },
    "qs": {
      "version": "6.9.3",
      "resolved": "https://registry.npmjs.org/qs/-/qs-6.9.3.tgz",
      "integrity": "sha512-EbZYNarm6138UKKq46tdx08Yo/q9ZhFoAXAI1meAFd2GtbRDhbZY2WQSICskT0c5q99aFzLG1D4nvTk9tqfXIw=="
    },
    "stripe": {
      "version": "8.38.0",
      "resolved": "https://registry.npmjs.org/stripe/-/stripe-8.38.0.tgz",
      "integrity": "sha512-dhYHHJMJIOTtP9f1IaOKt+RKFSiSci2q2oNrRM3HLMNFi6ahZvMWKE2+bLetwFa4CZZLt9x2SXM7dPrL3KRVng==",
      "requires": {
        "@types/node": ">=8.1.0",
        "qs": "^6.6.0"
      }
    }
  }
}
